// !$*UTF8*$!
{
	archiveVersion = 1;
	classes = {
	};
	objectVersion = 50;
	objects = {

/* Begin PBXBuildFile section */
		A757872B2119E8D2008697B6 /* AppDelegate.swift in Sources */ = {isa = PBXBuildFile; fileRef = A757872A2119E8D2008697B6 /* AppDelegate.swift */; };
		A757872D2119E8D2008697B6 /* ViewController.swift in Sources */ = {isa = PBXBuildFile; fileRef = A757872C2119E8D2008697B6 /* ViewController.swift */; };
		A75787302119E8D2008697B6 /* Main.storyboard in Resources */ = {isa = PBXBuildFile; fileRef = A757872E2119E8D2008697B6 /* Main.storyboard */; };
		A75787322119E8D3008697B6 /* Assets.xcassets in Resources */ = {isa = PBXBuildFile; fileRef = A75787312119E8D3008697B6 /* Assets.xcassets */; };
		A75787352119E8D3008697B6 /* LaunchScreen.storyboard in Resources */ = {isa = PBXBuildFile; fileRef = A75787332119E8D3008697B6 /* LaunchScreen.storyboard */; };
		A75787402119E8D3008697B6 /* LightTests.swift in Sources */ = {isa = PBXBuildFile; fileRef = A757873F2119E8D3008697B6 /* LightTests.swift */; };
		A757874B2119E8D3008697B6 /* LightUITests.swift in Sources */ = {isa = PBXBuildFile; fileRef = A757874A2119E8D3008697B6 /* LightUITests.swift */; };
/* End PBXBuildFile section */

/* Begin PBXContainerItemProxy section */
		A757873C2119E8D3008697B6 /* PBXContainerItemProxy */ = {
			isa = PBXContainerItemProxy;
			containerPortal = A757871F2119E8D2008697B6 /* Project object */;
			proxyType = 1;
			remoteGlobalIDString = A75787262119E8D2008697B6;
			remoteInfo = Light;
		};
		A75787472119E8D3008697B6 /* PBXContainerItemProxy */ = {
			isa = PBXContainerItemProxy;
			containerPortal = A757871F2119E8D2008697B6 /* Project object */;
			proxyType = 1;
			remoteGlobalIDString = A75787262119E8D2008697B6;
			remoteInfo = Light;
		};
/* End PBXContainerItemProxy section */

/* Begin PBXFileReference section */
		A75787272119E8D2008697B6 /* Light.app */ = {isa = PBXFileReference; explicitFileType = wrapper.application; includeInIndex = 0; path = Light.app; sourceTree = BUILT_PRODUCTS_DIR; };
		A757872A2119E8D2008697B6 /* AppDelegate.swift */ = {isa = PBXFileReference; lastKnownFileType = sourcecode.swift; path = AppDelegate.swift; sourceTree = "<group>"; };
		A757872C2119E8D2008697B6 /* ViewController.swift */ = {isa = PBXFileReference; lastKnownFileType = sourcecode.swift; path = ViewController.swift; sourceTree = "<group>"; };
		A757872F2119E8D2008697B6 /* Base */ = {isa = PBXFileReference; lastKnownFileType = file.storyboard; name = Base; path = Base.lproj/Main.storyboard; sourceTree = "<group>"; };
		A75787312119E8D3008697B6 /* Assets.xcassets */ = {isa = PBXFileReference; lastKnownFileType = folder.assetcatalog; path = Assets.xcassets; sourceTree = "<group>"; };
		A75787342119E8D3008697B6 /* Base */ = {isa = PBXFileReference; lastKnownFileType = file.storyboard; name = Base; path = Base.lproj/LaunchScreen.storyboard; sourceTree = "<group>"; };
		A75787362119E8D3008697B6 /* Info.plist */ = {isa = PBXFileReference; lastKnownFileType = text.plist.xml; path = Info.plist; sourceTree = "<group>"; };
		A757873B2119E8D3008697B6 /* LightTests.xctest */ = {isa = PBXFileReference; explicitFileType = wrapper.cfbundle; includeInIndex = 0; path = LightTests.xctest; sourceTree = BUILT_PRODUCTS_DIR; };
		A757873F2119E8D3008697B6 /* LightTests.swift */ = {isa = PBXFileReference; lastKnownFileType = sourcecode.swift; path = LightTests.swift; sourceTree = "<group>"; };
		A75787412119E8D3008697B6 /* Info.plist */ = {isa = PBXFileReference; lastKnownFileType = text.plist.xml; path = Info.plist; sourceTree = "<group>"; };
		A75787462119E8D3008697B6 /* LightUITests.xctest */ = {isa = PBXFileReference; explicitFileType = wrapper.cfbundle; includeInIndex = 0; path = LightUITests.xctest; sourceTree = BUILT_PRODUCTS_DIR; };
		A757874A2119E8D3008697B6 /* LightUITests.swift */ = {isa = PBXFileReference; lastKnownFileType = sourcecode.swift; path = LightUITests.swift; sourceTree = "<group>"; };
		A757874C2119E8D3008697B6 /* Info.plist */ = {isa = PBXFileReference; lastKnownFileType = text.plist.xml; path = Info.plist; sourceTree = "<group>"; };
/* End PBXFileReference section */

/* Begin PBXFrameworksBuildPhase section */
		A75787242119E8D2008697B6 /* Frameworks */ = {
			isa = PBXFrameworksBuildPhase;
			buildActionMask = 2147483647;
			files = (
			);
			runOnlyForDeploymentPostprocessing = 0;
		};
		A75787382119E8D3008697B6 /* Frameworks */ = {
			isa = PBXFrameworksBuildPhase;
			buildActionMask = 2147483647;
			files = (
			);
			runOnlyForDeploymentPostprocessing = 0;
		};
		A75787432119E8D3008697B6 /* Frameworks */ = {
			isa = PBXFrameworksBuildPhase;
			buildActionMask = 2147483647;
			files = (
			);
			runOnlyForDeploymentPostprocessing = 0;
		};
/* End PBXFrameworksBuildPhase section */

/* Begin PBXGroup section */
		A757871E2119E8D2008697B6 = {
			isa = PBXGroup;
			children = (
				A75787292119E8D2008697B6 /* Light */,
				A757873E2119E8D3008697B6 /* LightTests */,
				A75787492119E8D3008697B6 /* LightUITests */,
				A75787282119E8D2008697B6 /* Products */,
			);
			sourceTree = "<group>";
		};
		A75787282119E8D2008697B6 /* Products */ = {
			isa = PBXGroup;
			children = (
				A75787272119E8D2008697B6 /* Light.app */,
				A757873B2119E8D3008697B6 /* LightTests.xctest */,
				A75787462119E8D3008697B6 /* LightUITests.xctest */,
			);
			name = Products;
			sourceTree = "<group>";
		};
		A75787292119E8D2008697B6 /* Light */ = {
			isa = PBXGroup;
			children = (
				A757872A2119E8D2008697B6 /* AppDelegate.swift */,
				A757872C2119E8D2008697B6 /* ViewController.swift */,
				A757872E2119E8D2008697B6 /* Main.storyboard */,
				A75787312119E8D3008697B6 /* Assets.xcassets */,
				A75787332119E8D3008697B6 /* LaunchScreen.storyboard */,
				A75787362119E8D3008697B6 /* Info.plist */,
			);
			path = Light;
			sourceTree = "<group>";
		};
		A757873E2119E8D3008697B6 /* LightTests */ = {
			isa = PBXGroup;
			children = (
				A757873F2119E8D3008697B6 /* LightTests.swift */,
				A75787412119E8D3008697B6 /* Info.plist */,
			);
			path = LightTests;
			sourceTree = "<group>";
		};
		A75787492119E8D3008697B6 /* LightUITests */ = {
			isa = PBXGroup;
			children = (
				A757874A2119E8D3008697B6 /* LightUITests.swift */,
				A757874C2119E8D3008697B6 /* Info.plist */,
			);
			path = LightUITests;
			sourceTree = "<group>";
		};
/* End PBXGroup section */

/* Begin PBXNativeTarget section */
		A75787262119E8D2008697B6 /* Light */ = {
			isa = PBXNativeTarget;
			buildConfigurationList = A757874F2119E8D3008697B6 /* Build configuration list for PBXNativeTarget "Light" */;
			buildPhases = (
				A75787232119E8D2008697B6 /* Sources */,
				A75787242119E8D2008697B6 /* Frameworks */,
				A75787252119E8D2008697B6 /* Resources */,
			);
			buildRules = (
			);
			dependencies = (
			);
			name = Light;
			productName = Light;
			productReference = A75787272119E8D2008697B6 /* Light.app */;
			productType = "com.apple.product-type.application";
		};
		A757873A2119E8D3008697B6 /* LightTests */ = {
			isa = PBXNativeTarget;
			buildConfigurationList = A75787522119E8D3008697B6 /* Build configuration list for PBXNativeTarget "LightTests" */;
			buildPhases = (
				A75787372119E8D3008697B6 /* Sources */,
				A75787382119E8D3008697B6 /* Frameworks */,
				A75787392119E8D3008697B6 /* Resources */,
			);
			buildRules = (
			);
			dependencies = (
				A757873D2119E8D3008697B6 /* PBXTargetDependency */,
			);
			name = LightTests;
			productName = LightTests;
			productReference = A757873B2119E8D3008697B6 /* LightTests.xctest */;
			productType = "com.apple.product-type.bundle.unit-test";
		};
		A75787452119E8D3008697B6 /* LightUITests */ = {
			isa = PBXNativeTarget;
			buildConfigurationList = A75787552119E8D3008697B6 /* Build configuration list for PBXNativeTarget "LightUITests" */;
			buildPhases = (
				A75787422119E8D3008697B6 /* Sources */,
				A75787432119E8D3008697B6 /* Frameworks */,
				A75787442119E8D3008697B6 /* Resources */,
			);
			buildRules = (
			);
			dependencies = (
				A75787482119E8D3008697B6 /* PBXTargetDependency */,
			);
			name = LightUITests;
			productName = LightUITests;
			productReference = A75787462119E8D3008697B6 /* LightUITests.xctest */;
			productType = "com.apple.product-type.bundle.ui-testing";
		};
/* End PBXNativeTarget section */

/* Begin PBXProject section */
		A757871F2119E8D2008697B6 /* Project object */ = {
			isa = PBXProject;
			attributes = {
				LastSwiftUpdateCheck = 0940;
				LastUpgradeCheck = 0940;
				ORGANIZATIONNAME = "christian sandjon";
				TargetAttributes = {
					A75787262119E8D2008697B6 = {
						CreatedOnToolsVersion = 9.4.1;
					};
					A757873A2119E8D3008697B6 = {
						CreatedOnToolsVersion = 9.4.1;
						TestTargetID = A75787262119E8D2008697B6;
					};
					A75787452119E8D3008697B6 = {
						CreatedOnToolsVersion = 9.4.1;
						TestTargetID = A75787262119E8D2008697B6;
					};
				};
			};
			buildConfigurationList = A75787222119E8D2008697B6 /* Build configuration list for PBXProject "Light" */;
			compatibilityVersion = "Xcode 9.3";
			developmentRegion = en;
			hasScannedForEncodings = 0;
			knownRegions = (
				en,
				Base,
			);
			mainGroup = A757871E2119E8D2008697B6;
			productRefGroup = A75787282119E8D2008697B6 /* Products */;
			projectDirPath = "";
			projectRoot = "";
			targets = (
				A75787262119E8D2008697B6 /* Light */,
				A757873A2119E8D3008697B6 /* LightTests */,
				A75787452119E8D3008697B6 /* LightUITests */,
			);
		};
/* End PBXProject section */

/* Begin PBXResourcesBuildPhase section */
		A75787252119E8D2008697B6 /* Resources */ = {
			isa = PBXResourcesBuildPhase;
			buildActionMask = 2147483647;
			files = (
				A75787352119E8D3008697B6 /* LaunchScreen.storyboard in Resources */,
				A75787322119E8D3008697B6 /* Assets.xcassets in Resources */,
				A75787302119E8D2008697B6 /* Main.storyboard in Resources */,
			);
			runOnlyForDeploymentPostprocessing = 0;
		};
		A75787392119E8D3008697B6 /* Resources */ = {
			isa = PBXResourcesBuildPhase;
			buildActionMask = 2147483647;
			files = (
			);
			runOnlyForDeploymentPostprocessing = 0;
		};
		A75787442119E8D3008697B6 /* Resources */ = {
			isa = PBXResourcesBuildPhase;
			buildActionMask = 2147483647;
			files = (
			);
			runOnlyForDeploymentPostprocessing = 0;
		};
/* End PBXResourcesBuildPhase section */

/* Begin PBXSourcesBuildPhase section */
		A75787232119E8D2008697B6 /* Sources */ = {
			isa = PBXSourcesBuildPhase;
			buildActionMask = 2147483647;
			files = (
				A757872D2119E8D2008697B6 /* ViewController.swift in Sources */,
				A757872B2119E8D2008697B6 /* AppDelegate.swift in Sources */,
			);
			runOnlyForDeploymentPostprocessing = 0;
		};
		A75787372119E8D3008697B6 /* Sources */ = {
			isa = PBXSourcesBuildPhase;
			buildActionMask = 2147483647;
			files = (
				A75787402119E8D3008697B6 /* LightTests.swift in Sources */,
			);
			runOnlyForDeploymentPostprocessing = 0;
		};
		A75787422119E8D3008697B6 /* Sources */ = {
			isa = PBXSourcesBuildPhase;
			buildActionMask = 2147483647;
			files = (
				A757874B2119E8D3008697B6 /* LightUITests.swift in Sources */,
			);
			runOnlyForDeploymentPostprocessing = 0;
		};
/* End PBXSourcesBuildPhase section */

/* Begin PBXTargetDependency section */
		A757873D2119E8D3008697B6 /* PBXTargetDependency */ = {
			isa = PBXTargetDependency;
			target = A75787262119E8D2008697B6 /* Light */;
			targetProxy = A757873C2119E8D3008697B6 /* PBXContainerItemProxy */;
		};
		A75787482119E8D3008697B6 /* PBXTargetDependency */ = {
			isa = PBXTargetDependency;
			target = A75787262119E8D2008697B6 /* Light */;
			targetProxy = A75787472119E8D3008697B6 /* PBXContainerItemProxy */;
		};
/* End PBXTargetDependency section */

/* Begin PBXVariantGroup section */
		A757872E2119E8D2008697B6 /* Main.storyboard */ = {
			isa = PBXVariantGroup;
			children = (
				A757872F2119E8D2008697B6 /* Base */,
			);
			name = Main.storyboard;
			sourceTree = "<group>";
		};
		A75787332119E8D3008697B6 /* LaunchScreen.storyboard */ = {
			isa = PBXVariantGroup;
			children = (
				A75787342119E8D3008697B6 /* Base */,
			);
			name = LaunchScreen.storyboard;
			sourceTree = "<group>";
		};
/* End PBXVariantGroup section */

/* Begin XCBuildConfiguration section */
		A757874D2119E8D3008697B6 /* Debug */ = {
			isa = XCBuildConfiguration;
			buildSettings = {
				ALWAYS_SEARCH_USER_PATHS = NO;
				CLANG_ANALYZER_NONNULL = YES;
				CLANG_ANALYZER_NUMBER_OBJECT_CONVERSION = YES_AGGRESSIVE;
				CLANG_CXX_LANGUAGE_STANDARD = "gnu++14";
				CLANG_CXX_LIBRARY = "libc++";
				CLANG_ENABLE_MODULES = YES;
				CLANG_ENABLE_OBJC_ARC = YES;
				CLANG_ENABLE_OBJC_WEAK = YES;
				CLANG_WARN_BLOCK_CAPTURE_AUTORELEASING = YES;
				CLANG_WARN_BOOL_CONVERSION = YES;
				CLANG_WARN_COMMA = YES;
				CLANG_WARN_CONSTANT_CONVERSION = YES;
				CLANG_WARN_DEPRECATED_OBJC_IMPLEMENTATIONS = YES;
				CLANG_WARN_DIRECT_OBJC_ISA_USAGE = YES_ERROR;
				CLANG_WARN_DOCUMENTATION_COMMENTS = YES;
				CLANG_WARN_EMPTY_BODY = YES;
				CLANG_WARN_ENUM_CONVERSION = YES;
				CLANG_WARN_INFINITE_RECURSION = YES;
				CLANG_WARN_INT_CONVERSION = YES;
				CLANG_WARN_NON_LITERAL_NULL_CONVERSION = YES;
				CLANG_WARN_OBJC_IMPLICIT_RETAIN_SELF = YES;
				CLANG_WARN_OBJC_LITERAL_CONVERSION = YES;
				CLANG_WARN_OBJC_ROOT_CLASS = YES_ERROR;
				CLANG_WARN_RANGE_LOOP_ANALYSIS = YES;
				CLANG_WARN_STRICT_PROTOTYPES = YES;
				CLANG_WARN_SUSPICIOUS_MOVE = YES;
				CLANG_WARN_UNGUARDED_AVAILABILITY = YES_AGGRESSIVE;
				CLANG_WARN_UNREACHABLE_CODE = YES;
				CLANG_WARN__DUPLICATE_METHOD_MATCH = YES;
				CODE_SIGN_IDENTITY = "iPhone Developer";
				COPY_PHASE_STRIP = NO;
				DEBUG_INFORMATION_FORMAT = dwarf;
				ENABLE_STRICT_OBJC_MSGSEND = YES;
				ENABLE_TESTABILITY = YES;
				GCC_C_LANGUAGE_STANDARD = gnu11;
				GCC_DYNAMIC_NO_PIC = NO;
				GCC_NO_COMMON_BLOCKS = YES;
				GCC_OPTIMIZATION_LEVEL = 0;
				GCC_PREPROCESSOR_DEFINITIONS = (
					"DEBUG=1",
					"$(inherited)",
				);
				GCC_WARN_64_TO_32_BIT_CONVERSION = YES;
				GCC_WARN_ABOUT_RETURN_TYPE = YES_ERROR;
				GCC_WARN_UNDECLARED_SELECTOR = YES;
				GCC_WARN_UNINITIALIZED_AUTOS = YES_AGGRESSIVE;
				GCC_WARN_UNUSED_FUNCTION = YES;
				GCC_WARN_UNUSED_VARIABLE = YES;
				IPHONEOS_DEPLOYMENT_TARGET = 11.4;
				MTL_ENABLE_DEBUG_INFO = YES;
				ONLY_ACTIVE_ARCH = YES;
				SDKROOT = iphoneos;
				SWIFT_ACTIVE_COMPILATION_CONDITIONS = DEBUG;
				SWIFT_OPTIMIZATION_LEVEL = "-Onone";
			};
			name = Debug;
		};
		A757874E2119E8D3008697B6 /* Release */ = {
			isa = XCBuildConfiguration;
			buildSettings = {
				ALWAYS_SEARCH_USER_PATHS = NO;
				CLANG_ANALYZER_NONNULL = YES;
				CLANG_ANALYZER_NUMBER_OBJECT_CONVERSION = YES_AGGRESSIVE;
				CLANG_CXX_LANGUAGE_STANDARD = "gnu++14";
				CLANG_CXX_LIBRARY = "libc++";
				CLANG_ENABLE_MODULES = YES;
				CLANG_ENABLE_OBJC_ARC = YES;
				CLANG_ENABLE_OBJC_WEAK = YES;
				CLANG_WARN_BLOCK_CAPTURE_AUTORELEASING = YES;
				CLANG_WARN_BOOL_CONVERSION = YES;
				CLANG_WARN_COMMA = YES;
				CLANG_WARN_CONSTANT_CONVERSION = YES;
				CLANG_WARN_DEPRECATED_OBJC_IMPLEMENTATIONS = YES;
				CLANG_WARN_DIRECT_OBJC_ISA_USAGE = YES_ERROR;
				CLANG_WARN_DOCUMENTATION_COMMENTS = YES;
				CLANG_WARN_EMPTY_BODY = YES;
				CLANG_WARN_ENUM_CONVERSION = YES;
				CLANG_WARN_INFINITE_RECURSION = YES;
				CLANG_WARN_INT_CONVERSION = YES;
				CLANG_WARN_NON_LITERAL_NULL_CONVERSION = YES;
				CLANG_WARN_OBJC_IMPLICIT_RETAIN_SELF = YES;
				CLANG_WARN_OBJC_LITERAL_CONVERSION = YES;
				CLANG_WARN_OBJC_ROOT_CLASS = YES_ERROR;
				CLANG_WARN_RANGE_LOOP_ANALYSIS = YES;
				CLANG_WARN_STRICT_PROTOTYPES = YES;
				CLANG_WARN_SUSPICIOUS_MOVE = YES;
				CLANG_WARN_UNGUARDED_AVAILABILITY = YES_AGGRESSIVE;
				CLANG_WARN_UNREACHABLE_CODE = YES;
				CLANG_WARN__DUPLICATE_METHOD_MATCH = YES;
				CODE_SIGN_IDENTITY = "iPhone Developer";
				COPY_PHASE_STRIP = NO;
				DEBUG_INFORMATION_FORMAT = "dwarf-with-dsym";
				ENABLE_NS_ASSERTIONS = NO;
				ENABLE_STRICT_OBJC_MSGSEND = YES;
				GCC_C_LANGUAGE_STANDARD = gnu11;
				GCC_NO_COMMON_BLOCKS = YES;
				GCC_WARN_64_TO_32_BIT_CONVERSION = YES;
				GCC_WARN_ABOUT_RETURN_TYPE = YES_ERROR;
				GCC_WARN_UNDECLARED_SELECTOR = YES;
				GCC_WARN_UNINITIALIZED_AUTOS = YES_AGGRESSIVE;
				GCC_WARN_UNUSED_FUNCTION = YES;
				GCC_WARN_UNUSED_VARIABLE = YES;
				IPHONEOS_DEPLOYMENT_TARGET = 11.4;
				MTL_ENABLE_DEBUG_INFO = NO;
				SDKROOT = iphoneos;
				SWIFT_COMPILATION_MODE = wholemodule;
				SWIFT_OPTIMIZATION_LEVEL = "-O";
				VALIDATE_PRODUCT = YES;
			};
			name = Release;
		};
		A75787502119E8D3008697B6 /* Debug */ = {
			isa = XCBuildConfiguration;
			buildSettings = {
				ASSETCATALOG_COMPILER_APPICON_NAME = AppIcon;
				CODE_SIGN_STYLE = Automatic;
				DEVELOPMENT_TEAM = M28TCVBAUB;
				INFOPLIST_FILE = Light/Info.plist;
				LD_RUNPATH_SEARCH_PATHS = (
					"$(inherited)",
					"@executable_path/Frameworks",
				);
				PRODUCT_BUNDLE_IDENTIFIER = be.bt.chrissandjon.Light;
				PRODUCT_NAME = "$(TARGET_NAME)";
				SWIFT_VERSION = 4.0;
				TARGETED_DEVICE_FAMILY = "1,2";
			};
			name = Debug;
		};
		A75787512119E8D3008697B6 /* Release */ = {
			isa = XCBuildConfiguration;
			buildSettings = {
				ASSETCATALOG_COMPILER_APPICON_NAME = AppIcon;
				CODE_SIGN_STYLE = Automatic;
				DEVELOPMENT_TEAM = M28TCVBAUB;
				INFOPLIST_FILE = Light/Info.plist;
				LD_RUNPATH_SEARCH_PATHS = (
					"$(inherited)",
					"@executable_path/Frameworks",
				);
				PRODUCT_BUNDLE_IDENTIFIER = be.bt.chrissandjon.Light;
				PRODUCT_NAME = "$(TARGET_NAME)";
				SWIFT_VERSION = 4.0;
				TARGETED_DEVICE_FAMILY = "1,2";
			};
			name = Release;
		};
		A75787532119E8D3008697B6 /* Debug */ = {
			isa = XCBuildConfiguration;
			buildSettings = {
				ALWAYS_EMBED_SWIFT_STANDARD_LIBRARIES = YES;
				BUNDLE_LOADER = "$(TEST_HOST)";
				CODE_SIGN_STYLE = Automatic;
				DEVELOPMENT_TEAM = M28TCVBAUB;
				INFOPLIST_FILE = LightTests/Info.plist;
				LD_RUNPATH_SEARCH_PATHS = (
					"$(inherited)",
					"@executable_path/Frameworks",
					"@loader_path/Frameworks",
				);
				PRODUCT_BUNDLE_IDENTIFIER = be.bt.chrissandjon.LightTests;
				PRODUCT_NAME = "$(TARGET_NAME)";
				SWIFT_VERSION = 4.0;
				TARGETED_DEVICE_FAMILY = "1,2";
				TEST_HOST = "$(BUILT_PRODUCTS_DIR)/Light.app/Light";
			};
			name = Debug;
		};
		A75787542119E8D3008697B6 /* Release */ = {
			isa = XCBuildConfiguration;
			buildSettings = {
				ALWAYS_EMBED_SWIFT_STANDARD_LIBRARIES = YES;
				BUNDLE_LOADER = "$(TEST_HOST)";
				CODE_SIGN_STYLE = Automatic;
				DEVELOPMENT_TEAM = M28TCVBAUB;
				INFOPLIST_FILE = LightTests/Info.plist;
				LD_RUNPATH_SEARCH_PATHS = (
					"$(inherited)",
					"@executable_path/Frameworks",
					"@loader_path/Frameworks",
				);
				PRODUCT_BUNDLE_IDENTIFIER = be.bt.chrissandjon.LightTests;
				PRODUCT_NAME = "$(TARGET_NAME)";
				SWIFT_VERSION = 4.0;
				TARGETED_DEVICE_FAMILY = "1,2";
				TEST_HOST = "$(BUILT_PRODUCTS_DIR)/Light.app/Light";
			};
			name = Release;
		};
		A75787562119E8D3008697B6 /* Debug */ = {
			isa = XCBuildConfiguration;
			buildSettings = {
				ALWAYS_EMBED_SWIFT_STANDARD_LIBRARIES = YES;
				CODE_SIGN_STYLE = Automatic;
				DEVELOPMENT_TEAM = M28TCVBAUB;
				INFOPLIST_FILE = LightUITests/Info.plist;
				LD_RUNPATH_SEARCH_PATHS = (
					"$(inherited)",
					"@executable_path/Frameworks",
					"@loader_path/Frameworks",
				);
				PRODUCT_BUNDLE_IDENTIFIER = be.bt.chrissandjon.LightUITests;
				PRODUCT_NAME = "$(TARGET_NAME)";
				SWIFT_VERSION = 4.0;
				TARGETED_DEVICE_FAMILY = "1,2";
				TEST_TARGET_NAME = Light;
			};
			name = Debug;
		};
		A75787572119E8D3008697B6 /* Release */ = {
			isa = XCBuildConfiguration;
			buildSettings = {
				ALWAYS_EMBED_SWIFT_STANDARD_LIBRARIES = YES;
				CODE_SIGN_STYLE = Automatic;
				DEVELOPMENT_TEAM = M28TCVBAUB;
				INFOPLIST_FILE = LightUITests/Info.plist;
				LD_RUNPATH_SEARCH_PATHS = (
					"$(inherited)",
					"@executable_path/Frameworks",
					"@loader_path/Frameworks",
				);
				PRODUCT_BUNDLE_IDENTIFIER = be.bt.chrissandjon.LightUITests;
				PRODUCT_NAME = "$(TARGET_NAME)";
				SWIFT_VERSION = 4.0;
				TARGETED_DEVICE_FAMILY = "1,2";
				TEST_TARGET_NAME = Light;
			};
			name = Release;
		};
/* End XCBuildConfiguration section */

/* Begin XCConfigurationList section */
		A75787222119E8D2008697B6 /* Build configuration list for PBXProject "Light" */ = {
			isa = XCConfigurationList;
			buildConfigurations = (
				A757874D2119E8D3008697B6 /* Debug */,
				A757874E2119E8D3008697B6 /* Release */,
			);
			defaultConfigurationIsVisible = 0;
			defaultConfigurationName = Release;
		};
		A757874F2119E8D3008697B6 /* Build configuration list for PBXNativeTarget "Light" */ = {
			isa = XCConfigurationList;
			buildConfigurations = (
				A75787502119E8D3008697B6 /* Debug */,
				A75787512119E8D3008697B6 /* Release */,
			);
			defaultConfigurationIsVisible = 0;
			defaultConfigurationName = Release;
		};
		A75787522119E8D3008697B6 /* Build configuration list for PBXNativeTarget "LightTests" */ = {
			isa = XCConfigurationList;
			buildConfigurations = (
				A75787532119E8D3008697B6 /* Debug */,
				A75787542119E8D3008697B6 /* Release */,
			);
			defaultConfigurationIsVisible = 0;
			defaultConfigurationName = Release;
		};
		A75787552119E8D3008697B6 /* Build configuration list for PBXNativeTarget "LightUITests" */ = {
			isa = XCConfigurationList;
			buildConfigurations = (
				A75787562119E8D3008697B6 /* Debug */,
				A75787572119E8D3008697B6 /* Release */,
			);
			defaultConfigurationIsVisible = 0;
			defaultConfigurationName = Release;
		};
/* End XCConfigurationList section */
	};
	rootObject = A757871F2119E8D2008697B6 /* Project object */;
}
